
Microsoft Visual Studio Solution File, Format Version 12.00
# Visual Studio Version 17
VisualStudioVersion = 17.10.35013.160
MinimumVisualStudioVersion = 10.0.40219.1
Project("{FAE04EC0-301F-11D3-BF4B-00C04F79EFBC}") = "Menu", "Menu\Menu.csproj", "{23823DA4-56EE-47F5-B517-BB3910344B41}"
EndProject
Global
	GlobalSection(SolutionConfigurationPlatforms) = preSolution
		Debug|Any CPU = Debug|Any CPU
		Release|Any CPU = Release|Any CPU
	EndGlobalSection
	GlobalSection(ProjectConfigurationPlatforms) = postSolution
		{23823DA4-56EE-47F5-B517-BB3910344B41}.Debug|Any CPU.ActiveCfg = Debug|Any CPU
		{23823DA4-56EE-47F5-B517-BB3910344B41}.Debug|Any CPU.Build.0 = Debug|Any CPU
		{23823DA4-56EE-47F5-B517-BB3910344B41}.Release|Any CPU.ActiveCfg = Release|Any CPU
		{23823DA4-56EE-47F5-B517-BB3910344B41}.Release|Any CPU.Build.0 = Release|Any CPU
	EndGlobalSection
	GlobalSection(SolutionProperties) = preSolution
		HideSolutionNode = FALSE
	EndGlobalSection
	GlobalSection(ExtensibilityGlobals) = postSolution
		SolutionGuid = {D895BB12-1F89-4CCE-9781-002717D0B7FB}
	EndGlobalSection
EndGlobal
